
Microsoft Visual Studio Solution File, Format Version 12.00
# Visual Studio Version 16
VisualStudioVersion = 16.0.31019.35
MinimumVisualStudioVersion = 10.0.40219.1
Project("{FAE04EC0-301F-11D3-BF4B-00C04F79EFBC}") = "Section_01_Question_01", "Section_01_Question_01\Section_01_Question_01.csproj", "{6CE3DC3D-41C3-4EBA-82BC-C978E58A710E}"
EndProject
Global
	GlobalSection(SolutionConfigurationPlatforms) = preSolution
		Debug|Any CPU = Debug|Any CPU
		Release|Any CPU = Release|Any CPU
	EndGlobalSection
	GlobalSection(ProjectConfigurationPlatforms) = postSolution
		{6CE3DC3D-41C3-4EBA-82BC-C978E58A710E}.Debug|Any CPU.ActiveCfg = Debug|Any CPU
		{6CE3DC3D-41C3-4EBA-82BC-C978E58A710E}.Debug|Any CPU.Build.0 = Debug|Any CPU
		{6CE3DC3D-41C3-4EBA-82BC-C978E58A710E}.Release|Any CPU.ActiveCfg = Release|Any CPU
		{6CE3DC3D-41C3-4EBA-82BC-C978E58A710E}.Release|Any CPU.Build.0 = Release|Any CPU
	EndGlobalSection
	GlobalSection(SolutionProperties) = preSolution
		HideSolutionNode = FALSE
	EndGlobalSection
	GlobalSection(ExtensibilityGlobals) = postSolution
		SolutionGuid = {1B14EAA7-5494-47B6-958F-6A7D712D4F83}
	EndGlobalSection
EndGlobal
